
Microsoft Visual Studio Solution File, Format Version 12.00
# Visual Studio 14
VisualStudioVersion = 14.0.25123.0
MinimumVisualStudioVersion = 10.0.40219.1
Project("{FAE04EC0-301F-11D3-BF4B-00C04F79EFBC}") = "ControleWeb", "ControleWeb\ControleWeb.csproj", "{B8B4DE44-D8D4-4946-953C-5D9D40EC136B}"
EndProject
Project("{FAE04EC0-301F-11D3-BF4B-00C04F79EFBC}") = "Entities", "Entities\Entities.csproj", "{A742C37D-1C1F-41D5-83A1-7D883F299046}"
EndProject
Project("{FAE04EC0-301F-11D3-BF4B-00C04F79EFBC}") = "ControleServices", "ControleServices\ControleServices.csproj", "{7064BD3D-99AF-4118-A5C4-86CBE76FCC9F}"
EndProject
Global
	GlobalSection(SolutionConfigurationPlatforms) = preSolution
		Debug|Any CPU = Debug|Any CPU
		Release|Any CPU = Release|Any CPU
	EndGlobalSection
	GlobalSection(ProjectConfigurationPlatforms) = postSolution
		{B8B4DE44-D8D4-4946-953C-5D9D40EC136B}.Debug|Any CPU.ActiveCfg = Debug|Any CPU
		{B8B4DE44-D8D4-4946-953C-5D9D40EC136B}.Debug|Any CPU.Build.0 = Debug|Any CPU
		{B8B4DE44-D8D4-4946-953C-5D9D40EC136B}.Release|Any CPU.ActiveCfg = Release|Any CPU
		{B8B4DE44-D8D4-4946-953C-5D9D40EC136B}.Release|Any CPU.Build.0 = Release|Any CPU
		{A742C37D-1C1F-41D5-83A1-7D883F299046}.Debug|Any CPU.ActiveCfg = Debug|Any CPU
		{A742C37D-1C1F-41D5-83A1-7D883F299046}.Debug|Any CPU.Build.0 = Debug|Any CPU
		{A742C37D-1C1F-41D5-83A1-7D883F299046}.Release|Any CPU.ActiveCfg = Release|Any CPU
		{A742C37D-1C1F-41D5-83A1-7D883F299046}.Release|Any CPU.Build.0 = Release|Any CPU
		{7064BD3D-99AF-4118-A5C4-86CBE76FCC9F}.Debug|Any CPU.ActiveCfg = Debug|Any CPU
		{7064BD3D-99AF-4118-A5C4-86CBE76FCC9F}.Debug|Any CPU.Build.0 = Debug|Any CPU
		{7064BD3D-99AF-4118-A5C4-86CBE76FCC9F}.Release|Any CPU.ActiveCfg = Release|Any CPU
		{7064BD3D-99AF-4118-A5C4-86CBE76FCC9F}.Release|Any CPU.Build.0 = Release|Any CPU
	EndGlobalSection
	GlobalSection(SolutionProperties) = preSolution
		HideSolutionNode = FALSE
	EndGlobalSection
	GlobalSection(TeamFoundationVersionControl) = preSolution
		SccNumberOfProjects = 4
		SccEnterpriseProvider = {4CA58AB2-18FA-4F8D-95D4-32DDF27D184C}
		SccTeamFoundationServer = https://dontus.visualstudio.com/
		SccLocalPath0 = .
		SccProjectUniqueName1 = ControleServices\\ControleServices.csproj
		SccProjectName1 = ControleServices
		SccLocalPath1 = ControleServices
		SccProjectUniqueName2 = ControleWeb\\ControleWeb.csproj
		SccProjectName2 = ControleWeb
		SccLocalPath2 = ControleWeb
		SccProjectUniqueName3 = Entities\\Entities.csproj
		SccProjectName3 = Entities
		SccLocalPath3 = Entities
	EndGlobalSection
EndGlobal
